<?xml version="1.0" encoding="UTF-8" standalone="yes" ?>
<CodeBlocks_project_file>
	<FileVersion major="1" minor="6" />
	<Project>
		<Option title="TowerD" />
		<Option pch_mode="2" />
		<Option compiler="gcc" />
		<Build>
			<Target title="Debug">
				<Option output="bin\Debug\TowerD" prefix_auto="1" extension_auto="1" />
				<Option object_output="obj\Debug\" />
				<Option type="1" />
				<Option compiler="gcc" />
				<Compiler>
					<Add option="-g" />
				</Compiler>
			</Target>
			<Target title="Release">
				<Option output="bin\Release\TowerD" prefix_auto="1" extension_auto="1" />
				<Option object_output="obj\Release\" />
				<Option type="0" />
				<Option compiler="gcc" />
				<Compiler>
					<Add option="-O2" />
				</Compiler>
				<Linker>
					<Add option="-s" />
				</Linker>
			</Target>
		</Build>
		<Compiler>
			<Add option="-Wall" />
			<Add directory="C:\QtSDK\Desktop\Qt\4.7.4\msvc2005\include" />
			<Add directory="C:\QtSDK\Desktop\Qt\4.7.4\msvc2005\include\QtGui" />
			<Add directory="C:\QtSDK\Desktop\Qt\4.7.4\msvc2005\bin" />
		</Compiler>
		<Linker>
			<Add library="QtCore4" />
			<Add library="QtGui4" />
			<Add directory="C:\QtSDK\Desktop\Qt\4.7.4\msvc2005\bin" />
			<Add directory="C:\QtSDK\Desktop\Qt\4.7.4\msvc2005\lib" />
		</Linker>
		<ExtraCommands>
			<Add before="qmake.exe -project" />
			<Add before="qmake.exe" />
		</ExtraCommands>
		<Unit filename="include\Castle.h" />
		<Unit filename="include\Model.h" />
		<Unit filename="include\SignalsSlots.h" />
		<Unit filename="include\Tower1.h" />
		<Unit filename="include\View.h" />
		<Unit filename="include\controller.h" />
		<Unit filename="main.cpp" />
		<Unit filename="src\Model.cpp" />
		<Unit filename="src\SignalsSlots.cpp" />
		<Unit filename="src\View.cpp" />
		<Unit filename="src\controller.cpp" />
		<Extensions>
			<code_completion />
			<debugger />
		</Extensions>
	</Project>
</CodeBlocks_project_file>
